
Microsoft Visual Studio Solution File, Format Version 12.00
# Visual Studio Version 17
VisualStudioVersion = 17.4.33205.214
MinimumVisualStudioVersion = 10.0.40219.1
Project("{FAE04EC0-301F-11D3-BF4B-00C04F79EFBC}") = "JokesWebApp", "JokesWebApp\JokesWebApp.csproj", "{BDFEE252-2FE2-4503-BC1A-51269DA6544D}"
EndProject
Global
	GlobalSection(SolutionConfigurationPlatforms) = preSolution
		Debug|Any CPU = Debug|Any CPU
		Release|Any CPU = Release|Any CPU
	EndGlobalSection
	GlobalSection(ProjectConfigurationPlatforms) = postSolution
		{BDFEE252-2FE2-4503-BC1A-51269DA6544D}.Debug|Any CPU.ActiveCfg = Debug|Any CPU
		{BDFEE252-2FE2-4503-BC1A-51269DA6544D}.Debug|Any CPU.Build.0 = Debug|Any CPU
		{BDFEE252-2FE2-4503-BC1A-51269DA6544D}.Release|Any CPU.ActiveCfg = Release|Any CPU
		{BDFEE252-2FE2-4503-BC1A-51269DA6544D}.Release|Any CPU.Build.0 = Release|Any CPU
	EndGlobalSection
	GlobalSection(SolutionProperties) = preSolution
		HideSolutionNode = FALSE
	EndGlobalSection
	GlobalSection(ExtensibilityGlobals) = postSolution
		SolutionGuid = {8B01FBE4-F0B3-4176-84EC-94120427C4B9}
	EndGlobalSection
EndGlobal
